
Microsoft Visual Studio Solution File, Format Version 12.00
# Visual Studio Version 17
VisualStudioVersion = 17.9.34701.34
MinimumVisualStudioVersion = 10.0.40219.1
Project("{8BC9CEB8-8B4A-11D0-8D11-00A0C91BC942}") = "Keyboard-Sniffer-KLOG", "Keyboard-Sniffer-KLOG.vcxproj", "{076CF83A-B833-40CD-B212-AADA0C1EFB1A}"
EndProject
Global
	GlobalSection(SolutionConfigurationPlatforms) = preSolution
		Debug|ARM64 = Debug|ARM64
		Debug|x64 = Debug|x64
		Release|ARM64 = Release|ARM64
		Release|x64 = Release|x64
	EndGlobalSection
	GlobalSection(ProjectConfigurationPlatforms) = postSolution
		{076CF83A-B833-40CD-B212-AADA0C1EFB1A}.Debug|ARM64.ActiveCfg = Debug|ARM64
		{076CF83A-B833-40CD-B212-AADA0C1EFB1A}.Debug|ARM64.Build.0 = Debug|ARM64
		{076CF83A-B833-40CD-B212-AADA0C1EFB1A}.Debug|ARM64.Deploy.0 = Debug|ARM64
		{076CF83A-B833-40CD-B212-AADA0C1EFB1A}.Debug|x64.ActiveCfg = Debug|x64
		{076CF83A-B833-40CD-B212-AADA0C1EFB1A}.Debug|x64.Build.0 = Debug|x64
		{076CF83A-B833-40CD-B212-AADA0C1EFB1A}.Debug|x64.Deploy.0 = Debug|x64
		{076CF83A-B833-40CD-B212-AADA0C1EFB1A}.Release|ARM64.ActiveCfg = Release|ARM64
		{076CF83A-B833-40CD-B212-AADA0C1EFB1A}.Release|ARM64.Build.0 = Release|ARM64
		{076CF83A-B833-40CD-B212-AADA0C1EFB1A}.Release|ARM64.Deploy.0 = Release|ARM64
		{076CF83A-B833-40CD-B212-AADA0C1EFB1A}.Release|x64.ActiveCfg = Release|x64
		{076CF83A-B833-40CD-B212-AADA0C1EFB1A}.Release|x64.Build.0 = Release|x64
		{076CF83A-B833-40CD-B212-AADA0C1EFB1A}.Release|x64.Deploy.0 = Release|x64
	EndGlobalSection
	GlobalSection(SolutionProperties) = preSolution
		HideSolutionNode = FALSE
	EndGlobalSection
	GlobalSection(ExtensibilityGlobals) = postSolution
		SolutionGuid = {3B3EA5BB-753A-494F-9F5E-6DD02E9BA24B}
	EndGlobalSection
EndGlobal
